
Microsoft Visual Studio Solution File, Format Version 12.00
# Visual Studio 2012
Project("{FAE04EC0-301F-11D3-BF4B-00C04F79EFBC}") = "MvcApplication", "MvcApplication\MvcApplication.csproj", "{B546E319-0A69-4254-A711-FA526A89CD76}"
EndProject
Project("{FAE04EC0-301F-11D3-BF4B-00C04F79EFBC}") = "MvcApplication.Tests", "MvcApplication.Tests\MvcApplication.Tests.csproj", "{B745535D-1E46-4881-A13A-7C48280465B8}"
EndProject
Global
	GlobalSection(SolutionConfigurationPlatforms) = preSolution
		Debug|Any CPU = Debug|Any CPU
		Release|Any CPU = Release|Any CPU
	EndGlobalSection
	GlobalSection(ProjectConfigurationPlatforms) = postSolution
		{B546E319-0A69-4254-A711-FA526A89CD76}.Debug|Any CPU.ActiveCfg = Debug|Any CPU
		{B546E319-0A69-4254-A711-FA526A89CD76}.Debug|Any CPU.Build.0 = Debug|Any CPU
		{B546E319-0A69-4254-A711-FA526A89CD76}.Release|Any CPU.ActiveCfg = Release|Any CPU
		{B546E319-0A69-4254-A711-FA526A89CD76}.Release|Any CPU.Build.0 = Release|Any CPU
		{B745535D-1E46-4881-A13A-7C48280465B8}.Debug|Any CPU.ActiveCfg = Debug|Any CPU
		{B745535D-1E46-4881-A13A-7C48280465B8}.Debug|Any CPU.Build.0 = Debug|Any CPU
		{B745535D-1E46-4881-A13A-7C48280465B8}.Release|Any CPU.ActiveCfg = Release|Any CPU
		{B745535D-1E46-4881-A13A-7C48280465B8}.Release|Any CPU.Build.0 = Release|Any CPU
	EndGlobalSection
	GlobalSection(SolutionProperties) = preSolution
		HideSolutionNode = FALSE
	EndGlobalSection
EndGlobal
